
Microsoft Visual Studio Solution File, Format Version 12.00
# Visual Studio Version 16
VisualStudioVersion = 16.0.30114.105
MinimumVisualStudioVersion = 10.0.40219.1
Project("{FAE04EC0-301F-11D3-BF4B-00C04F79EFBC}") = "Paint", "Paint\Paint.csproj", "{A94B7D63-46EC-4218-B807-2144517FAFC4}"
EndProject
Project("{FAE04EC0-301F-11D3-BF4B-00C04F79EFBC}") = "QLNS", "QLNS\QLNS.csproj", "{B76EFE9C-13E6-4A18-BF68-293FE7FC6D93}"
EndProject
Global
	GlobalSection(SolutionConfigurationPlatforms) = preSolution
		Debug|Any CPU = Debug|Any CPU
		Release|Any CPU = Release|Any CPU
	EndGlobalSection
	GlobalSection(ProjectConfigurationPlatforms) = postSolution
		{A94B7D63-46EC-4218-B807-2144517FAFC4}.Debug|Any CPU.ActiveCfg = Debug|Any CPU
		{A94B7D63-46EC-4218-B807-2144517FAFC4}.Debug|Any CPU.Build.0 = Debug|Any CPU
		{A94B7D63-46EC-4218-B807-2144517FAFC4}.Release|Any CPU.ActiveCfg = Release|Any CPU
		{A94B7D63-46EC-4218-B807-2144517FAFC4}.Release|Any CPU.Build.0 = Release|Any CPU
		{B76EFE9C-13E6-4A18-BF68-293FE7FC6D93}.Debug|Any CPU.ActiveCfg = Debug|Any CPU
		{B76EFE9C-13E6-4A18-BF68-293FE7FC6D93}.Debug|Any CPU.Build.0 = Debug|Any CPU
		{B76EFE9C-13E6-4A18-BF68-293FE7FC6D93}.Release|Any CPU.ActiveCfg = Release|Any CPU
		{B76EFE9C-13E6-4A18-BF68-293FE7FC6D93}.Release|Any CPU.Build.0 = Release|Any CPU
	EndGlobalSection
	GlobalSection(SolutionProperties) = preSolution
		HideSolutionNode = FALSE
	EndGlobalSection
	GlobalSection(ExtensibilityGlobals) = postSolution
		SolutionGuid = {8F90830E-D9BD-4B09-BB1E-B548F704C4C2}
	EndGlobalSection
EndGlobal
